{
  "name": "gatsby-starter-plugin",
<<<<<<< HEAD
  "version": "0.2.6",
=======
  "version": "0.2.5",
>>>>>>> v0.2.5
  "lockfileVersion": 2,
  "requires": true,
  "packages": {
    "": {
      "name": "gatsby-starter-plugin",
<<<<<<< HEAD
      "version": "0.2.6",
=======
      "version": "0.2.5",
>>>>>>> v0.2.5
      "license": "0BSD"
    }
  }
}
